PODS:
  - SDWebImage (5.9.0):
    - SDWebImage/Core (= 5.9.0)
  - SDWebImage/Core (5.9.0)
  - SwiftLint (0.40.3)
  - SwiftyJSON (4.3.0)

DEPENDENCIES:
  - SDWebImage
  - SwiftLint
  - SwiftyJSON (~> 4.0)

SPEC REPOS:
  trunk:
    - SDWebImage
    - SwiftLint
    - SwiftyJSON

SPEC CHECKSUMS:
  SDWebImage: 62ae4a18473520c67b79e9724c31a63599cc9423
  SwiftLint: dfd554ff0dff17288ee574814ccdd5cea85d76f7
  SwiftyJSON: 6faa0040f8b59dead0ee07436cbf76b73c08fd08

PODFILE CHECKSUM: 4b5698ed17391ae2531d4a6323e2d29a87afd9c5

COCOAPODS: 1.10.0.beta.1
