// !$*UTF8*$!
{
	archiveVersion = 1;
	classes = {
	};
	objectVersion = 51;
	objects = {

/* Begin PBXBuildFile section */
		179E01FFC7EAA65859266973 /* Pods_MVVMTask.framework in Frameworks */ = {isa = PBXBuildFile; fileRef = 173E9171F3391A1C07585BBC /* Pods_MVVMTask.framework */; };
		5FEF97AE6B0F5DB398492322 /* Pods_MVVMTaskTests.framework in Frameworks */ = {isa = PBXBuildFile; fileRef = 80B0861ED84E404556FC80ED /* Pods_MVVMTaskTests.framework */; };
		AB3DCAA425468F020096270C /* AppDelegate.swift in Sources */ = {isa = PBXBuildFile; fileRef = AB3DCAA325468F020096270C /* AppDelegate.swift */; };
		AB3DCAA625468F020096270C /* SceneDelegate.swift in Sources */ = {isa = PBXBuildFile; fileRef = AB3DCAA525468F020096270C /* SceneDelegate.swift */; };
		AB3DCAA825468F020096270C /* ControllerVC.swift in Sources */ = {isa = PBXBuildFile; fileRef = AB3DCAA725468F020096270C /* ControllerVC.swift */; };
		AB3DCAAB25468F020096270C /* Main.storyboard in Resources */ = {isa = PBXBuildFile; fileRef = AB3DCAA925468F020096270C /* Main.storyboard */; };
		AB3DCAAE25468F020096270C /* MVVMTask.xcdatamodeld in Sources */ = {isa = PBXBuildFile; fileRef = AB3DCAAC25468F020096270C /* MVVMTask.xcdatamodeld */; };
		AB3DCAB025468F040096270C /* Assets.xcassets in Resources */ = {isa = PBXBuildFile; fileRef = AB3DCAAF25468F040096270C /* Assets.xcassets */; };
		AB3DCAB325468F040096270C /* LaunchScreen.storyboard in Resources */ = {isa = PBXBuildFile; fileRef = AB3DCAB125468F040096270C /* LaunchScreen.storyboard */; };
		AB3DCAC925468F040096270C /* MVVMTaskUITests.swift in Sources */ = {isa = PBXBuildFile; fileRef = AB3DCAC825468F040096270C /* MVVMTaskUITests.swift */; };
		AB3DCAE5254691CD0096270C /* APIManager.swift in Sources */ = {isa = PBXBuildFile; fileRef = AB3DCAE4254691CD0096270C /* APIManager.swift */; };
		AB3DCAED254692020096270C /* ConceptModel.swift in Sources */ = {isa = PBXBuildFile; fileRef = AB3DCAEC254692020096270C /* ConceptModel.swift */; };
		AB3DCAF2254693790096270C /* ConceptViewModel.swift in Sources */ = {isa = PBXBuildFile; fileRef = AB3DCAF1254693790096270C /* ConceptViewModel.swift */; };
		AB3DCAFE2546998B0096270C /* ConceptTableViewCell.swift in Sources */ = {isa = PBXBuildFile; fileRef = AB3DCAFD2546998B0096270C /* ConceptTableViewCell.swift */; };
		AB3DCB232546D43B0096270C /* ConceptTableViewDataSource.swift in Sources */ = {isa = PBXBuildFile; fileRef = AB3DCB222546D43B0096270C /* ConceptTableViewDataSource.swift */; };
		E0ED31F5435B1920CC2C67E9 /* Pods_MVVMTask_MVVMTaskUITests.framework in Frameworks */ = {isa = PBXBuildFile; fileRef = 01BABAD5AE16A7B2BE149274 /* Pods_MVVMTask_MVVMTaskUITests.framework */; };
/* End PBXBuildFile section */

/* Begin PBXContainerItemProxy section */
		AB3DCABA25468F040096270C /* PBXContainerItemProxy */ = {
			isa = PBXContainerItemProxy;
			containerPortal = AB3DCA9825468F020096270C /* Project object */;
			proxyType = 1;
			remoteGlobalIDString = AB3DCA9F25468F020096270C;
			remoteInfo = MVVMTask;
		};
		AB3DCAC525468F040096270C /* PBXContainerItemProxy */ = {
			isa = PBXContainerItemProxy;
			containerPortal = AB3DCA9825468F020096270C /* Project object */;
			proxyType = 1;
			remoteGlobalIDString = AB3DCA9F25468F020096270C;
			remoteInfo = MVVMTask;
		};
/* End PBXContainerItemProxy section */

/* Begin PBXFileReference section */
		01BABAD5AE16A7B2BE149274 /* Pods_MVVMTask_MVVMTaskUITests.framework */ = {isa = PBXFileReference; explicitFileType = wrapper.framework; includeInIndex = 0; path = Pods_MVVMTask_MVVMTaskUITests.framework; sourceTree = BUILT_PRODUCTS_DIR; };
		173E9171F3391A1C07585BBC /* Pods_MVVMTask.framework */ = {isa = PBXFileReference; explicitFileType = wrapper.framework; includeInIndex = 0; path = Pods_MVVMTask.framework; sourceTree = BUILT_PRODUCTS_DIR; };
		3BB61DB016A75C22ACBE54BC /* Pods-MVVMTask.debug.xcconfig */ = {isa = PBXFileReference; includeInIndex = 1; lastKnownFileType = text.xcconfig; name = "Pods-MVVMTask.debug.xcconfig"; path = "Target Support Files/Pods-MVVMTask/Pods-MVVMTask.debug.xcconfig"; sourceTree = "<group>"; };
		5CA4C0078C3C1B44CA396F08 /* Pods-MVVMTaskTests.debug.xcconfig */ = {isa = PBXFileReference; includeInIndex = 1; lastKnownFileType = text.xcconfig; name = "Pods-MVVMTaskTests.debug.xcconfig"; path = "Target Support Files/Pods-MVVMTaskTests/Pods-MVVMTaskTests.debug.xcconfig"; sourceTree = "<group>"; };
		80B0861ED84E404556FC80ED /* Pods_MVVMTaskTests.framework */ = {isa = PBXFileReference; explicitFileType = wrapper.framework; includeInIndex = 0; path = Pods_MVVMTaskTests.framework; sourceTree = BUILT_PRODUCTS_DIR; };
		A13B68140C3C3E9944A07D5A /* Pods-MVVMTask-MVVMTaskUITests.debug.xcconfig */ = {isa = PBXFileReference; includeInIndex = 1; lastKnownFileType = text.xcconfig; name = "Pods-MVVMTask-MVVMTaskUITests.debug.xcconfig"; path = "Target Support Files/Pods-MVVMTask-MVVMTaskUITests/Pods-MVVMTask-MVVMTaskUITests.debug.xcconfig"; sourceTree = "<group>"; };
		AB3DCAA025468F020096270C /* MVVMTask.app */ = {isa = PBXFileReference; explicitFileType = wrapper.application; includeInIndex = 0; path = MVVMTask.app; sourceTree = BUILT_PRODUCTS_DIR; };
		AB3DCAA325468F020096270C /* AppDelegate.swift */ = {isa = PBXFileReference; lastKnownFileType = sourcecode.swift; path = AppDelegate.swift; sourceTree = "<group>"; };
		AB3DCAA525468F020096270C /* SceneDelegate.swift */ = {isa = PBXFileReference; lastKnownFileType = sourcecode.swift; path = SceneDelegate.swift; sourceTree = "<group>"; };
		AB3DCAA725468F020096270C /* ControllerVC.swift */ = {isa = PBXFileReference; lastKnownFileType = sourcecode.swift; path = ControllerVC.swift; sourceTree = "<group>"; };
		AB3DCAAA25468F020096270C /* Base */ = {isa = PBXFileReference; lastKnownFileType = file.storyboard; name = Base; path = Base.lproj/Main.storyboard; sourceTree = "<group>"; };
		AB3DCAAD25468F020096270C /* MVVMTask.xcdatamodel */ = {isa = PBXFileReference; lastKnownFileType = wrapper.xcdatamodel; path = MVVMTask.xcdatamodel; sourceTree = "<group>"; };
		AB3DCAAF25468F040096270C /* Assets.xcassets */ = {isa = PBXFileReference; lastKnownFileType = folder.assetcatalog; path = Assets.xcassets; sourceTree = "<group>"; };
		AB3DCAB225468F040096270C /* Base */ = {isa = PBXFileReference; lastKnownFileType = file.storyboard; name = Base; path = Base.lproj/LaunchScreen.storyboard; sourceTree = "<group>"; };
		AB3DCAB425468F040096270C /* Info.plist */ = {isa = PBXFileReference; lastKnownFileType = text.plist.xml; path = Info.plist; sourceTree = "<group>"; };
		AB3DCAB925468F040096270C /* MVVMTaskTests.xctest */ = {isa = PBXFileReference; explicitFileType = wrapper.cfbundle; includeInIndex = 0; path = MVVMTaskTests.xctest; sourceTree = BUILT_PRODUCTS_DIR; };
		AB3DCAC425468F040096270C /* MVVMTaskUITests.xctest */ = {isa = PBXFileReference; explicitFileType = wrapper.cfbundle; includeInIndex = 0; path = MVVMTaskUITests.xctest; sourceTree = BUILT_PRODUCTS_DIR; };
		AB3DCAC825468F040096270C /* MVVMTaskUITests.swift */ = {isa = PBXFileReference; lastKnownFileType = sourcecode.swift; path = MVVMTaskUITests.swift; sourceTree = "<group>"; };
		AB3DCACA25468F040096270C /* Info.plist */ = {isa = PBXFileReference; lastKnownFileType = text.plist.xml; path = Info.plist; sourceTree = "<group>"; };
		AB3DCAE4254691CD0096270C /* APIManager.swift */ = {isa = PBXFileReference; lastKnownFileType = sourcecode.swift; path = APIManager.swift; sourceTree = "<group>"; };
		AB3DCAEC254692020096270C /* ConceptModel.swift */ = {isa = PBXFileReference; lastKnownFileType = sourcecode.swift; path = ConceptModel.swift; sourceTree = "<group>"; };
		AB3DCAF1254693790096270C /* ConceptViewModel.swift */ = {isa = PBXFileReference; lastKnownFileType = sourcecode.swift; path = ConceptViewModel.swift; sourceTree = "<group>"; };
		AB3DCAFD2546998B0096270C /* ConceptTableViewCell.swift */ = {isa = PBXFileReference; lastKnownFileType = sourcecode.swift; path = ConceptTableViewCell.swift; sourceTree = "<group>"; };
		AB3DCB222546D43B0096270C /* ConceptTableViewDataSource.swift */ = {isa = PBXFileReference; lastKnownFileType = sourcecode.swift; path = ConceptTableViewDataSource.swift; sourceTree = "<group>"; };
		B0EE6B309592170DC98B9BCF /* Pods-MVVMTask.release.xcconfig */ = {isa = PBXFileReference; includeInIndex = 1; lastKnownFileType = text.xcconfig; name = "Pods-MVVMTask.release.xcconfig"; path = "Target Support Files/Pods-MVVMTask/Pods-MVVMTask.release.xcconfig"; sourceTree = "<group>"; };
		C6D83F3287C9F863483B0270 /* Pods-MVVMTask-MVVMTaskUITests.release.xcconfig */ = {isa = PBXFileReference; includeInIndex = 1; lastKnownFileType = text.xcconfig; name = "Pods-MVVMTask-MVVMTaskUITests.release.xcconfig"; path = "Target Support Files/Pods-MVVMTask-MVVMTaskUITests/Pods-MVVMTask-MVVMTaskUITests.release.xcconfig"; sourceTree = "<group>"; };
		F13021112422644C119981BB /* Pods-MVVMTaskTests.release.xcconfig */ = {isa = PBXFileReference; includeInIndex = 1; lastKnownFileType = text.xcconfig; name = "Pods-MVVMTaskTests.release.xcconfig"; path = "Target Support Files/Pods-MVVMTaskTests/Pods-MVVMTaskTests.release.xcconfig"; sourceTree = "<group>"; };
/* End PBXFileReference section */

/* Begin PBXFrameworksBuildPhase section */
		AB3DCA9D25468F020096270C /* Frameworks */ = {
			isa = PBXFrameworksBuildPhase;
			buildActionMask = 2147483647;
			files = (
				179E01FFC7EAA65859266973 /* Pods_MVVMTask.framework in Frameworks */,
			);
			runOnlyForDeploymentPostprocessing = 0;
		};
		AB3DCAB625468F040096270C /* Frameworks */ = {
			isa = PBXFrameworksBuildPhase;
			buildActionMask = 2147483647;
			files = (
				5FEF97AE6B0F5DB398492322 /* Pods_MVVMTaskTests.framework in Frameworks */,
			);
			runOnlyForDeploymentPostprocessing = 0;
		};
		AB3DCAC125468F040096270C /* Frameworks */ = {
			isa = PBXFrameworksBuildPhase;
			buildActionMask = 2147483647;
			files = (
				E0ED31F5435B1920CC2C67E9 /* Pods_MVVMTask_MVVMTaskUITests.framework in Frameworks */,
			);
			runOnlyForDeploymentPostprocessing = 0;
		};
/* End PBXFrameworksBuildPhase section */

/* Begin PBXGroup section */
		0F6C2409455B23F2C7C2F439 /* Pods */ = {
			isa = PBXGroup;
			children = (
				3BB61DB016A75C22ACBE54BC /* Pods-MVVMTask.debug.xcconfig */,
				B0EE6B309592170DC98B9BCF /* Pods-MVVMTask.release.xcconfig */,
				A13B68140C3C3E9944A07D5A /* Pods-MVVMTask-MVVMTaskUITests.debug.xcconfig */,
				C6D83F3287C9F863483B0270 /* Pods-MVVMTask-MVVMTaskUITests.release.xcconfig */,
				5CA4C0078C3C1B44CA396F08 /* Pods-MVVMTaskTests.debug.xcconfig */,
				F13021112422644C119981BB /* Pods-MVVMTaskTests.release.xcconfig */,
			);
			path = Pods;
			sourceTree = "<group>";
		};
		2AE0217824BE403C52C50BCE /* Frameworks */ = {
			isa = PBXGroup;
			children = (
				173E9171F3391A1C07585BBC /* Pods_MVVMTask.framework */,
				01BABAD5AE16A7B2BE149274 /* Pods_MVVMTask_MVVMTaskUITests.framework */,
				80B0861ED84E404556FC80ED /* Pods_MVVMTaskTests.framework */,
			);
			name = Frameworks;
			sourceTree = "<group>";
		};
		AB3DCA9725468F020096270C = {
			isa = PBXGroup;
			children = (
				AB3DCAA225468F020096270C /* MVVMTask */,
				AB3DCAC725468F040096270C /* MVVMTaskUITests */,
				AB3DCAA125468F020096270C /* Products */,
				0F6C2409455B23F2C7C2F439 /* Pods */,
				2AE0217824BE403C52C50BCE /* Frameworks */,
			);
			sourceTree = "<group>";
		};
		AB3DCAA125468F020096270C /* Products */ = {
			isa = PBXGroup;
			children = (
				AB3DCAA025468F020096270C /* MVVMTask.app */,
				AB3DCAB925468F040096270C /* MVVMTaskTests.xctest */,
				AB3DCAC425468F040096270C /* MVVMTaskUITests.xctest */,
			);
			name = Products;
			sourceTree = "<group>";
		};
		AB3DCAA225468F020096270C /* MVVMTask */ = {
			isa = PBXGroup;
			children = (
				AB3DCAA325468F020096270C /* AppDelegate.swift */,
				AB3DCAA525468F020096270C /* SceneDelegate.swift */,
				AB3DCAAF25468F040096270C /* Assets.xcassets */,
				AB3DCAB425468F040096270C /* Info.plist */,
				AB3DCAE3254691B90096270C /* API */,
				AB3DCADF25468F3B0096270C /* Utitlities */,
				AB3DCB352546DD850096270C /* CustomCells */,
				AB3DCADE25468F320096270C /* Model */,
				AB3DCADD25468F2B0096270C /* View */,
				AB3DCADC25468F130096270C /* ViewModel */,
				AB3DCAFC254698E30096270C /* Controller */,
				AB3DCAAC25468F020096270C /* MVVMTask.xcdatamodeld */,
			);
			path = MVVMTask;
			sourceTree = "<group>";
		};
		AB3DCAC725468F040096270C /* MVVMTaskUITests */ = {
			isa = PBXGroup;
			children = (
				AB3DCAC825468F040096270C /* MVVMTaskUITests.swift */,
				AB3DCACA25468F040096270C /* Info.plist */,
			);
			path = MVVMTaskUITests;
			sourceTree = "<group>";
		};
		AB3DCADC25468F130096270C /* ViewModel */ = {
			isa = PBXGroup;
			children = (
				AB3DCAF1254693790096270C /* ConceptViewModel.swift */,
				AB3DCB222546D43B0096270C /* ConceptTableViewDataSource.swift */,
			);
			path = ViewModel;
			sourceTree = "<group>";
		};
		AB3DCADD25468F2B0096270C /* View */ = {
			isa = PBXGroup;
			children = (
				AB3DCAA925468F020096270C /* Main.storyboard */,
				AB3DCAB125468F040096270C /* LaunchScreen.storyboard */,
			);
			path = View;
			sourceTree = "<group>";
		};
		AB3DCADE25468F320096270C /* Model */ = {
			isa = PBXGroup;
			children = (
				AB3DCAEC254692020096270C /* ConceptModel.swift */,
			);
			path = Model;
			sourceTree = "<group>";
		};
		AB3DCADF25468F3B0096270C /* Utitlities */ = {
			isa = PBXGroup;
			children = (
			);
			path = Utitlities;
			sourceTree = "<group>";
		};
		AB3DCAE3254691B90096270C /* API */ = {
			isa = PBXGroup;
			children = (
				AB3DCAE4254691CD0096270C /* APIManager.swift */,
			);
			path = API;
			sourceTree = "<group>";
		};
		AB3DCAFC254698E30096270C /* Controller */ = {
			isa = PBXGroup;
			children = (
				AB3DCAA725468F020096270C /* ControllerVC.swift */,
			);
			path = Controller;
			sourceTree = "<group>";
		};
		AB3DCB352546DD850096270C /* CustomCells */ = {
			isa = PBXGroup;
			children = (
				AB3DCAFD2546998B0096270C /* ConceptTableViewCell.swift */,
			);
			path = CustomCells;
			sourceTree = "<group>";
		};
/* End PBXGroup section */

/* Begin PBXNativeTarget section */
		AB3DCA9F25468F020096270C /* MVVMTask */ = {
			isa = PBXNativeTarget;
			buildConfigurationList = AB3DCACD25468F040096270C /* Build configuration list for PBXNativeTarget "MVVMTask" */;
			buildPhases = (
				4656F76A39F71ABCB97E726B /* [CP] Check Pods Manifest.lock */,
				AB3DCA9C25468F020096270C /* Sources */,
				AB3DCA9D25468F020096270C /* Frameworks */,
				AB3DCA9E25468F020096270C /* Resources */,
				E125065894DAA9B9D745974B /* [CP] Embed Pods Frameworks */,
			);
			buildRules = (
			);
			dependencies = (
			);
			name = MVVMTask;
			productName = MVVMTask;
			productReference = AB3DCAA025468F020096270C /* MVVMTask.app */;
			productType = "com.apple.product-type.application";
		};
		AB3DCAB825468F040096270C /* MVVMTaskTests */ = {
			isa = PBXNativeTarget;
			buildConfigurationList = AB3DCAD025468F040096270C /* Build configuration list for PBXNativeTarget "MVVMTaskTests" */;
			buildPhases = (
				AF873F901FBA273BB5A0CF5C /* [CP] Check Pods Manifest.lock */,
				AB3DCAB525468F040096270C /* Sources */,
				AB3DCAB625468F040096270C /* Frameworks */,
				AB3DCAB725468F040096270C /* Resources */,
			);
			buildRules = (
			);
			dependencies = (
				AB3DCABB25468F040096270C /* PBXTargetDependency */,
			);
			name = MVVMTaskTests;
			productName = MVVMTaskTests;
			productReference = AB3DCAB925468F040096270C /* MVVMTaskTests.xctest */;
			productType = "com.apple.product-type.bundle.unit-test";
		};
		AB3DCAC325468F040096270C /* MVVMTaskUITests */ = {
			isa = PBXNativeTarget;
			buildConfigurationList = AB3DCAD325468F040096270C /* Build configuration list for PBXNativeTarget "MVVMTaskUITests" */;
			buildPhases = (
				159D1799EE35D0BF2EBD02E3 /* [CP] Check Pods Manifest.lock */,
				AB3DCAC025468F040096270C /* Sources */,
				AB3DCAC125468F040096270C /* Frameworks */,
				AB3DCAC225468F040096270C /* Resources */,
				81D7D6580E1B49B4807A8688 /* [CP] Embed Pods Frameworks */,
			);
			buildRules = (
			);
			dependencies = (
				AB3DCAC625468F040096270C /* PBXTargetDependency */,
			);
			name = MVVMTaskUITests;
			productName = MVVMTaskUITests;
			productReference = AB3DCAC425468F040096270C /* MVVMTaskUITests.xctest */;
			productType = "com.apple.product-type.bundle.ui-testing";
		};
/* End PBXNativeTarget section */

/* Begin PBXProject section */
		AB3DCA9825468F020096270C /* Project object */ = {
			isa = PBXProject;
			attributes = {
				LastSwiftUpdateCheck = 1200;
				LastUpgradeCheck = 1200;
				TargetAttributes = {
					AB3DCA9F25468F020096270C = {
						CreatedOnToolsVersion = 12.0.1;
					};
					AB3DCAB825468F040096270C = {
						CreatedOnToolsVersion = 12.0.1;
						TestTargetID = AB3DCA9F25468F020096270C;
					};
					AB3DCAC325468F040096270C = {
						CreatedOnToolsVersion = 12.0.1;
						TestTargetID = AB3DCA9F25468F020096270C;
					};
				};
			};
			buildConfigurationList = AB3DCA9B25468F020096270C /* Build configuration list for PBXProject "MVVMTask" */;
			compatibilityVersion = "Xcode 9.3";
			developmentRegion = en;
			hasScannedForEncodings = 0;
			knownRegions = (
				en,
				Base,
			);
			mainGroup = AB3DCA9725468F020096270C;
			productRefGroup = AB3DCAA125468F020096270C /* Products */;
			projectDirPath = "";
			projectRoot = "";
			targets = (
				AB3DCA9F25468F020096270C /* MVVMTask */,
				AB3DCAB825468F040096270C /* MVVMTaskTests */,
				AB3DCAC325468F040096270C /* MVVMTaskUITests */,
			);
		};
/* End PBXProject section */

/* Begin PBXResourcesBuildPhase section */
		AB3DCA9E25468F020096270C /* Resources */ = {
			isa = PBXResourcesBuildPhase;
			buildActionMask = 2147483647;
			files = (
				AB3DCAB325468F040096270C /* LaunchScreen.storyboard in Resources */,
				AB3DCAB025468F040096270C /* Assets.xcassets in Resources */,
				AB3DCAAB25468F020096270C /* Main.storyboard in Resources */,
			);
			runOnlyForDeploymentPostprocessing = 0;
		};
		AB3DCAB725468F040096270C /* Resources */ = {
			isa = PBXResourcesBuildPhase;
			buildActionMask = 2147483647;
			files = (
			);
			runOnlyForDeploymentPostprocessing = 0;
		};
		AB3DCAC225468F040096270C /* Resources */ = {
			isa = PBXResourcesBuildPhase;
			buildActionMask = 2147483647;
			files = (
			);
			runOnlyForDeploymentPostprocessing = 0;
		};
/* End PBXResourcesBuildPhase section */

/* Begin PBXShellScriptBuildPhase section */
		159D1799EE35D0BF2EBD02E3 /* [CP] Check Pods Manifest.lock */ = {
			isa = PBXShellScriptBuildPhase;
			buildActionMask = 2147483647;
			files = (
			);
			inputFileListPaths = (
			);
			inputPaths = (
				"${PODS_PODFILE_DIR_PATH}/Podfile.lock",
				"${PODS_ROOT}/Manifest.lock",
			);
			name = "[CP] Check Pods Manifest.lock";
			outputFileListPaths = (
			);
			outputPaths = (
				"$(DERIVED_FILE_DIR)/Pods-MVVMTask-MVVMTaskUITests-checkManifestLockResult.txt",
			);
			runOnlyForDeploymentPostprocessing = 0;
			shellPath = /bin/sh;
			shellScript = "diff \"${PODS_PODFILE_DIR_PATH}/Podfile.lock\" \"${PODS_ROOT}/Manifest.lock\" > /dev/null\nif [ $? != 0 ] ; then\n    # print error to STDERR\n    echo \"error: The sandbox is not in sync with the Podfile.lock. Run 'pod install' or update your CocoaPods installation.\" >&2\n    exit 1\nfi\n# This output is used by Xcode 'outputs' to avoid re-running this script phase.\necho \"SUCCESS\" > \"${SCRIPT_OUTPUT_FILE_0}\"\n";
			showEnvVarsInLog = 0;
		};
		4656F76A39F71ABCB97E726B /* [CP] Check Pods Manifest.lock */ = {
			isa = PBXShellScriptBuildPhase;
			buildActionMask = 2147483647;
			files = (
			);
			inputFileListPaths = (
			);
			inputPaths = (
				"${PODS_PODFILE_DIR_PATH}/Podfile.lock",
				"${PODS_ROOT}/Manifest.lock",
			);
			name = "[CP] Check Pods Manifest.lock";
			outputFileListPaths = (
			);
			outputPaths = (
				"$(DERIVED_FILE_DIR)/Pods-MVVMTask-checkManifestLockResult.txt",
			);
			runOnlyForDeploymentPostprocessing = 0;
			shellPath = /bin/sh;
			shellScript = "diff \"${PODS_PODFILE_DIR_PATH}/Podfile.lock\" \"${PODS_ROOT}/Manifest.lock\" > /dev/null\nif [ $? != 0 ] ; then\n    # print error to STDERR\n    echo \"error: The sandbox is not in sync with the Podfile.lock. Run 'pod install' or update your CocoaPods installation.\" >&2\n    exit 1\nfi\n# This output is used by Xcode 'outputs' to avoid re-running this script phase.\necho \"SUCCESS\" > \"${SCRIPT_OUTPUT_FILE_0}\"\n";
			showEnvVarsInLog = 0;
		};
		81D7D6580E1B49B4807A8688 /* [CP] Embed Pods Frameworks */ = {
			isa = PBXShellScriptBuildPhase;
			buildActionMask = 2147483647;
			files = (
			);
			inputFileListPaths = (
				"${PODS_ROOT}/Target Support Files/Pods-MVVMTask-MVVMTaskUITests/Pods-MVVMTask-MVVMTaskUITests-frameworks-${CONFIGURATION}-input-files.xcfilelist",
			);
			name = "[CP] Embed Pods Frameworks";
			outputFileListPaths = (
				"${PODS_ROOT}/Target Support Files/Pods-MVVMTask-MVVMTaskUITests/Pods-MVVMTask-MVVMTaskUITests-frameworks-${CONFIGURATION}-output-files.xcfilelist",
			);
			runOnlyForDeploymentPostprocessing = 0;
			shellPath = /bin/sh;
			shellScript = "\"${PODS_ROOT}/Target Support Files/Pods-MVVMTask-MVVMTaskUITests/Pods-MVVMTask-MVVMTaskUITests-frameworks.sh\"\n";
			showEnvVarsInLog = 0;
		};
		AF873F901FBA273BB5A0CF5C /* [CP] Check Pods Manifest.lock */ = {
			isa = PBXShellScriptBuildPhase;
			buildActionMask = 2147483647;
			files = (
			);
			inputFileListPaths = (
			);
			inputPaths = (
				"${PODS_PODFILE_DIR_PATH}/Podfile.lock",
				"${PODS_ROOT}/Manifest.lock",
			);
			name = "[CP] Check Pods Manifest.lock";
			outputFileListPaths = (
			);
			outputPaths = (
				"$(DERIVED_FILE_DIR)/Pods-MVVMTaskTests-checkManifestLockResult.txt",
			);
			runOnlyForDeploymentPostprocessing = 0;
			shellPath = /bin/sh;
			shellScript = "diff \"${PODS_PODFILE_DIR_PATH}/Podfile.lock\" \"${PODS_ROOT}/Manifest.lock\" > /dev/null\nif [ $? != 0 ] ; then\n    # print error to STDERR\n    echo \"error: The sandbox is not in sync with the Podfile.lock. Run 'pod install' or update your CocoaPods installation.\" >&2\n    exit 1\nfi\n# This output is used by Xcode 'outputs' to avoid re-running this script phase.\necho \"SUCCESS\" > \"${SCRIPT_OUTPUT_FILE_0}\"\n";
			showEnvVarsInLog = 0;
		};
		E125065894DAA9B9D745974B /* [CP] Embed Pods Frameworks */ = {
			isa = PBXShellScriptBuildPhase;
			buildActionMask = 2147483647;
			files = (
			);
			inputFileListPaths = (
				"${PODS_ROOT}/Target Support Files/Pods-MVVMTask/Pods-MVVMTask-frameworks-${CONFIGURATION}-input-files.xcfilelist",
			);
			name = "[CP] Embed Pods Frameworks";
			outputFileListPaths = (
				"${PODS_ROOT}/Target Support Files/Pods-MVVMTask/Pods-MVVMTask-frameworks-${CONFIGURATION}-output-files.xcfilelist",
			);
			runOnlyForDeploymentPostprocessing = 0;
			shellPath = /bin/sh;
			shellScript = "\"${PODS_ROOT}/Target Support Files/Pods-MVVMTask/Pods-MVVMTask-frameworks.sh\"\n";
			showEnvVarsInLog = 0;
		};
/* End PBXShellScriptBuildPhase section */

/* Begin PBXSourcesBuildPhase section */
		AB3DCA9C25468F020096270C /* Sources */ = {
			isa = PBXSourcesBuildPhase;
			buildActionMask = 2147483647;
			files = (
				AB3DCAED254692020096270C /* ConceptModel.swift in Sources */,
				AB3DCAA825468F020096270C /* ControllerVC.swift in Sources */,
				AB3DCAA425468F020096270C /* AppDelegate.swift in Sources */,
				AB3DCAE5254691CD0096270C /* APIManager.swift in Sources */,
				AB3DCB232546D43B0096270C /* ConceptTableViewDataSource.swift in Sources */,
				AB3DCAFE2546998B0096270C /* ConceptTableViewCell.swift in Sources */,
				AB3DCAAE25468F020096270C /* MVVMTask.xcdatamodeld in Sources */,
				AB3DCAA625468F020096270C /* SceneDelegate.swift in Sources */,
				AB3DCAF2254693790096270C /* ConceptViewModel.swift in Sources */,
			);
			runOnlyForDeploymentPostprocessing = 0;
		};
		AB3DCAB525468F040096270C /* Sources */ = {
			isa = PBXSourcesBuildPhase;
			buildActionMask = 2147483647;
			files = (
			);
			runOnlyForDeploymentPostprocessing = 0;
		};
		AB3DCAC025468F040096270C /* Sources */ = {
			isa = PBXSourcesBuildPhase;
			buildActionMask = 2147483647;
			files = (
				AB3DCAC925468F040096270C /* MVVMTaskUITests.swift in Sources */,
			);
			runOnlyForDeploymentPostprocessing = 0;
		};
/* End PBXSourcesBuildPhase section */

/* Begin PBXTargetDependency section */
		AB3DCABB25468F040096270C /* PBXTargetDependency */ = {
			isa = PBXTargetDependency;
			target = AB3DCA9F25468F020096270C /* MVVMTask */;
			targetProxy = AB3DCABA25468F040096270C /* PBXContainerItemProxy */;
		};
		AB3DCAC625468F040096270C /* PBXTargetDependency */ = {
			isa = PBXTargetDependency;
			target = AB3DCA9F25468F020096270C /* MVVMTask */;
			targetProxy = AB3DCAC525468F040096270C /* PBXContainerItemProxy */;
		};
/* End PBXTargetDependency section */

/* Begin PBXVariantGroup section */
		AB3DCAA925468F020096270C /* Main.storyboard */ = {
			isa = PBXVariantGroup;
			children = (
				AB3DCAAA25468F020096270C /* Base */,
			);
			name = Main.storyboard;
			sourceTree = "<group>";
		};
		AB3DCAB125468F040096270C /* LaunchScreen.storyboard */ = {
			isa = PBXVariantGroup;
			children = (
				AB3DCAB225468F040096270C /* Base */,
			);
			name = LaunchScreen.storyboard;
			sourceTree = "<group>";
		};
/* End PBXVariantGroup section */

/* Begin XCBuildConfiguration section */
		AB3DCACB25468F040096270C /* Debug */ = {
			isa = XCBuildConfiguration;
			buildSettings = {
				ALWAYS_SEARCH_USER_PATHS = NO;
				CLANG_ANALYZER_NONNULL = YES;
				CLANG_ANALYZER_NUMBER_OBJECT_CONVERSION = YES_AGGRESSIVE;
				CLANG_CXX_LANGUAGE_STANDARD = "gnu++14";
				CLANG_CXX_LIBRARY = "libc++";
				CLANG_ENABLE_MODULES = YES;
				CLANG_ENABLE_OBJC_ARC = YES;
				CLANG_ENABLE_OBJC_WEAK = YES;
				CLANG_WARN_BLOCK_CAPTURE_AUTORELEASING = YES;
				CLANG_WARN_BOOL_CONVERSION = YES;
				CLANG_WARN_COMMA = YES;
				CLANG_WARN_CONSTANT_CONVERSION = YES;
				CLANG_WARN_DEPRECATED_OBJC_IMPLEMENTATIONS = YES;
				CLANG_WARN_DIRECT_OBJC_ISA_USAGE = YES_ERROR;
				CLANG_WARN_DOCUMENTATION_COMMENTS = YES;
				CLANG_WARN_EMPTY_BODY = YES;
				CLANG_WARN_ENUM_CONVERSION = YES;
				CLANG_WARN_INFINITE_RECURSION = YES;
				CLANG_WARN_INT_CONVERSION = YES;
				CLANG_WARN_NON_LITERAL_NULL_CONVERSION = YES;
				CLANG_WARN_OBJC_IMPLICIT_RETAIN_SELF = YES;
				CLANG_WARN_OBJC_LITERAL_CONVERSION = YES;
				CLANG_WARN_OBJC_ROOT_CLASS = YES_ERROR;
				CLANG_WARN_QUOTED_INCLUDE_IN_FRAMEWORK_HEADER = YES;
				CLANG_WARN_RANGE_LOOP_ANALYSIS = YES;
				CLANG_WARN_STRICT_PROTOTYPES = YES;
				CLANG_WARN_SUSPICIOUS_MOVE = YES;
				CLANG_WARN_UNGUARDED_AVAILABILITY = YES_AGGRESSIVE;
				CLANG_WARN_UNREACHABLE_CODE = YES;
				CLANG_WARN__DUPLICATE_METHOD_MATCH = YES;
				COPY_PHASE_STRIP = NO;
				DEBUG_INFORMATION_FORMAT = dwarf;
				ENABLE_STRICT_OBJC_MSGSEND = YES;
				ENABLE_TESTABILITY = YES;
				GCC_C_LANGUAGE_STANDARD = gnu11;
				GCC_DYNAMIC_NO_PIC = NO;
				GCC_NO_COMMON_BLOCKS = YES;
				GCC_OPTIMIZATION_LEVEL = 0;
				GCC_PREPROCESSOR_DEFINITIONS = (
					"DEBUG=1",
					"$(inherited)",
				);
				GCC_WARN_64_TO_32_BIT_CONVERSION = YES;
				GCC_WARN_ABOUT_RETURN_TYPE = YES_ERROR;
				GCC_WARN_UNDECLARED_SELECTOR = YES;
				GCC_WARN_UNINITIALIZED_AUTOS = YES_AGGRESSIVE;
				GCC_WARN_UNUSED_FUNCTION = YES;
				GCC_WARN_UNUSED_VARIABLE = YES;
				IPHONEOS_DEPLOYMENT_TARGET = 14.0;
				MTL_ENABLE_DEBUG_INFO = INCLUDE_SOURCE;
				MTL_FAST_MATH = YES;
				ONLY_ACTIVE_ARCH = YES;
				SDKROOT = iphoneos;
				SWIFT_ACTIVE_COMPILATION_CONDITIONS = DEBUG;
				SWIFT_OPTIMIZATION_LEVEL = "-Onone";
			};
			name = Debug;
		};
		AB3DCACC25468F040096270C /* Release */ = {
			isa = XCBuildConfiguration;
			buildSettings = {
				ALWAYS_SEARCH_USER_PATHS = NO;
				CLANG_ANALYZER_NONNULL = YES;
				CLANG_ANALYZER_NUMBER_OBJECT_CONVERSION = YES_AGGRESSIVE;
				CLANG_CXX_LANGUAGE_STANDARD = "gnu++14";
				CLANG_CXX_LIBRARY = "libc++";
				CLANG_ENABLE_MODULES = YES;
				CLANG_ENABLE_OBJC_ARC = YES;
				CLANG_ENABLE_OBJC_WEAK = YES;
				CLANG_WARN_BLOCK_CAPTURE_AUTORELEASING = YES;
				CLANG_WARN_BOOL_CONVERSION = YES;
				CLANG_WARN_COMMA = YES;
				CLANG_WARN_CONSTANT_CONVERSION = YES;
				CLANG_WARN_DEPRECATED_OBJC_IMPLEMENTATIONS = YES;
				CLANG_WARN_DIRECT_OBJC_ISA_USAGE = YES_ERROR;
				CLANG_WARN_DOCUMENTATION_COMMENTS = YES;
				CLANG_WARN_EMPTY_BODY = YES;
				CLANG_WARN_ENUM_CONVERSION = YES;
				CLANG_WARN_INFINITE_RECURSION = YES;
				CLANG_WARN_INT_CONVERSION = YES;
				CLANG_WARN_NON_LITERAL_NULL_CONVERSION = YES;
				CLANG_WARN_OBJC_IMPLICIT_RETAIN_SELF = YES;
				CLANG_WARN_OBJC_LITERAL_CONVERSION = YES;
				CLANG_WARN_OBJC_ROOT_CLASS = YES_ERROR;
				CLANG_WARN_QUOTED_INCLUDE_IN_FRAMEWORK_HEADER = YES;
				CLANG_WARN_RANGE_LOOP_ANALYSIS = YES;
				CLANG_WARN_STRICT_PROTOTYPES = YES;
				CLANG_WARN_SUSPICIOUS_MOVE = YES;
				CLANG_WARN_UNGUARDED_AVAILABILITY = YES_AGGRESSIVE;
				CLANG_WARN_UNREACHABLE_CODE = YES;
				CLANG_WARN__DUPLICATE_METHOD_MATCH = YES;
				COPY_PHASE_STRIP = NO;
				DEBUG_INFORMATION_FORMAT = "dwarf-with-dsym";
				ENABLE_NS_ASSERTIONS = NO;
				ENABLE_STRICT_OBJC_MSGSEND = YES;
				GCC_C_LANGUAGE_STANDARD = gnu11;
				GCC_NO_COMMON_BLOCKS = YES;
				GCC_WARN_64_TO_32_BIT_CONVERSION = YES;
				GCC_WARN_ABOUT_RETURN_TYPE = YES_ERROR;
				GCC_WARN_UNDECLARED_SELECTOR = YES;
				GCC_WARN_UNINITIALIZED_AUTOS = YES_AGGRESSIVE;
				GCC_WARN_UNUSED_FUNCTION = YES;
				GCC_WARN_UNUSED_VARIABLE = YES;
				IPHONEOS_DEPLOYMENT_TARGET = 14.0;
				MTL_ENABLE_DEBUG_INFO = NO;
				MTL_FAST_MATH = YES;
				SDKROOT = iphoneos;
				SWIFT_COMPILATION_MODE = wholemodule;
				SWIFT_OPTIMIZATION_LEVEL = "-O";
				VALIDATE_PRODUCT = YES;
			};
			name = Release;
		};
		AB3DCACE25468F040096270C /* Debug */ = {
			isa = XCBuildConfiguration;
			baseConfigurationReference = 3BB61DB016A75C22ACBE54BC /* Pods-MVVMTask.debug.xcconfig */;
			buildSettings = {
				ASSETCATALOG_COMPILER_APPICON_NAME = AppIcon;
				ASSETCATALOG_COMPILER_GLOBAL_ACCENT_COLOR_NAME = AccentColor;
				CODE_SIGN_STYLE = Automatic;
				DEVELOPMENT_TEAM = ZRQP6827Y7;
				INFOPLIST_FILE = MVVMTask/Info.plist;
				IPHONEOS_DEPLOYMENT_TARGET = 13.0;
				LD_RUNPATH_SEARCH_PATHS = (
					"$(inherited)",
					"@executable_path/Frameworks",
				);
				PRODUCT_BUNDLE_IDENTIFIER = com.rajasekhar.MVVMTask;
				PRODUCT_NAME = "$(TARGET_NAME)";
				SWIFT_VERSION = 5.0;
				TARGETED_DEVICE_FAMILY = "1,2";
			};
			name = Debug;
		};
		AB3DCACF25468F040096270C /* Release */ = {
			isa = XCBuildConfiguration;
			baseConfigurationReference = B0EE6B309592170DC98B9BCF /* Pods-MVVMTask.release.xcconfig */;
			buildSettings = {
				ASSETCATALOG_COMPILER_APPICON_NAME = AppIcon;
				ASSETCATALOG_COMPILER_GLOBAL_ACCENT_COLOR_NAME = AccentColor;
				CODE_SIGN_STYLE = Automatic;
				DEVELOPMENT_TEAM = ZRQP6827Y7;
				INFOPLIST_FILE = MVVMTask/Info.plist;
				IPHONEOS_DEPLOYMENT_TARGET = 13.0;
				LD_RUNPATH_SEARCH_PATHS = (
					"$(inherited)",
					"@executable_path/Frameworks",
				);
				PRODUCT_BUNDLE_IDENTIFIER = com.rajasekhar.MVVMTask;
				PRODUCT_NAME = "$(TARGET_NAME)";
				SWIFT_VERSION = 5.0;
				TARGETED_DEVICE_FAMILY = "1,2";
			};
			name = Release;
		};
		AB3DCAD125468F040096270C /* Debug */ = {
			isa = XCBuildConfiguration;
			baseConfigurationReference = 5CA4C0078C3C1B44CA396F08 /* Pods-MVVMTaskTests.debug.xcconfig */;
			buildSettings = {
				ALWAYS_EMBED_SWIFT_STANDARD_LIBRARIES = YES;
				BUNDLE_LOADER = "$(TEST_HOST)";
				CODE_SIGN_STYLE = Automatic;
				DEVELOPMENT_TEAM = ZRQP6827Y7;
				INFOPLIST_FILE = MVVMTaskTests/Info.plist;
				IPHONEOS_DEPLOYMENT_TARGET = 14.0;
				LD_RUNPATH_SEARCH_PATHS = (
					"$(inherited)",
					"@executable_path/Frameworks",
					"@loader_path/Frameworks",
				);
				PRODUCT_BUNDLE_IDENTIFIER = com.iramTechnologies.MVVMTaskTests;
				PRODUCT_NAME = "$(TARGET_NAME)";
				SWIFT_VERSION = 5.0;
				TARGETED_DEVICE_FAMILY = "1,2";
				TEST_HOST = "$(BUILT_PRODUCTS_DIR)/MVVMTask.app/MVVMTask";
			};
			name = Debug;
		};
		AB3DCAD225468F040096270C /* Release */ = {
			isa = XCBuildConfiguration;
			baseConfigurationReference = F13021112422644C119981BB /* Pods-MVVMTaskTests.release.xcconfig */;
			buildSettings = {
				ALWAYS_EMBED_SWIFT_STANDARD_LIBRARIES = YES;
				BUNDLE_LOADER = "$(TEST_HOST)";
				CODE_SIGN_STYLE = Automatic;
				DEVELOPMENT_TEAM = ZRQP6827Y7;
				INFOPLIST_FILE = MVVMTaskTests/Info.plist;
				IPHONEOS_DEPLOYMENT_TARGET = 14.0;
				LD_RUNPATH_SEARCH_PATHS = (
					"$(inherited)",
					"@executable_path/Frameworks",
					"@loader_path/Frameworks",
				);
				PRODUCT_BUNDLE_IDENTIFIER = com.iramTechnologies.MVVMTaskTests;
				PRODUCT_NAME = "$(TARGET_NAME)";
				SWIFT_VERSION = 5.0;
				TARGETED_DEVICE_FAMILY = "1,2";
				TEST_HOST = "$(BUILT_PRODUCTS_DIR)/MVVMTask.app/MVVMTask";
			};
			name = Release;
		};
		AB3DCAD425468F040096270C /* Debug */ = {
			isa = XCBuildConfiguration;
			baseConfigurationReference = A13B68140C3C3E9944A07D5A /* Pods-MVVMTask-MVVMTaskUITests.debug.xcconfig */;
			buildSettings = {
				ALWAYS_EMBED_SWIFT_STANDARD_LIBRARIES = YES;
				CODE_SIGN_STYLE = Automatic;
				DEVELOPMENT_TEAM = ZRQP6827Y7;
				INFOPLIST_FILE = MVVMTaskUITests/Info.plist;
				LD_RUNPATH_SEARCH_PATHS = (
					"$(inherited)",
					"@executable_path/Frameworks",
					"@loader_path/Frameworks",
				);
				PRODUCT_BUNDLE_IDENTIFIER = com.iramTechnologies.MVVMTaskUITests;
				PRODUCT_NAME = "$(TARGET_NAME)";
				SWIFT_VERSION = 5.0;
				TARGETED_DEVICE_FAMILY = "1,2";
				TEST_TARGET_NAME = MVVMTask;
			};
			name = Debug;
		};
		AB3DCAD525468F040096270C /* Release */ = {
			isa = XCBuildConfiguration;
			baseConfigurationReference = C6D83F3287C9F863483B0270 /* Pods-MVVMTask-MVVMTaskUITests.release.xcconfig */;
			buildSettings = {
				ALWAYS_EMBED_SWIFT_STANDARD_LIBRARIES = YES;
				CODE_SIGN_STYLE = Automatic;
				DEVELOPMENT_TEAM = ZRQP6827Y7;
				INFOPLIST_FILE = MVVMTaskUITests/Info.plist;
				LD_RUNPATH_SEARCH_PATHS = (
					"$(inherited)",
					"@executable_path/Frameworks",
					"@loader_path/Frameworks",
				);
				PRODUCT_BUNDLE_IDENTIFIER = com.iramTechnologies.MVVMTaskUITests;
				PRODUCT_NAME = "$(TARGET_NAME)";
				SWIFT_VERSION = 5.0;
				TARGETED_DEVICE_FAMILY = "1,2";
				TEST_TARGET_NAME = MVVMTask;
			};
			name = Release;
		};
/* End XCBuildConfiguration section */

/* Begin XCConfigurationList section */
		AB3DCA9B25468F020096270C /* Build configuration list for PBXProject "MVVMTask" */ = {
			isa = XCConfigurationList;
			buildConfigurations = (
				AB3DCACB25468F040096270C /* Debug */,
				AB3DCACC25468F040096270C /* Release */,
			);
			defaultConfigurationIsVisible = 0;
			defaultConfigurationName = Release;
		};
		AB3DCACD25468F040096270C /* Build configuration list for PBXNativeTarget "MVVMTask" */ = {
			isa = XCConfigurationList;
			buildConfigurations = (
				AB3DCACE25468F040096270C /* Debug */,
				AB3DCACF25468F040096270C /* Release */,
			);
			defaultConfigurationIsVisible = 0;
			defaultConfigurationName = Release;
		};
		AB3DCAD025468F040096270C /* Build configuration list for PBXNativeTarget "MVVMTaskTests" */ = {
			isa = XCConfigurationList;
			buildConfigurations = (
				AB3DCAD125468F040096270C /* Debug */,
				AB3DCAD225468F040096270C /* Release */,
			);
			defaultConfigurationIsVisible = 0;
			defaultConfigurationName = Release;
		};
		AB3DCAD325468F040096270C /* Build configuration list for PBXNativeTarget "MVVMTaskUITests" */ = {
			isa = XCConfigurationList;
			buildConfigurations = (
				AB3DCAD425468F040096270C /* Debug */,
				AB3DCAD525468F040096270C /* Release */,
			);
			defaultConfigurationIsVisible = 0;
			defaultConfigurationName = Release;
		};
/* End XCConfigurationList section */

/* Begin XCVersionGroup section */
		AB3DCAAC25468F020096270C /* MVVMTask.xcdatamodeld */ = {
			isa = XCVersionGroup;
			children = (
				AB3DCAAD25468F020096270C /* MVVMTask.xcdatamodel */,
			);
			currentVersion = AB3DCAAD25468F020096270C /* MVVMTask.xcdatamodel */;
			path = MVVMTask.xcdatamodeld;
			sourceTree = "<group>";
			versionGroupType = wrapper.xcdatamodel;
		};
/* End XCVersionGroup section */
	};
	rootObject = AB3DCA9825468F020096270C /* Project object */;
}
